
Microsoft Visual Studio Solution File, Format Version 12.00
# Visual Studio Version 16
VisualStudioVersion = 16.0.31702.278
MinimumVisualStudioVersion = 10.0.40219.1
Project("{FAE04EC0-301F-11D3-BF4B-00C04F79EFBC}") = "EyeRoll", "EyeRoll\EyeRoll.csproj", "{670EB92B-5D59-4CEC-94B1-7A849CC55297}"
EndProject
Global
	GlobalSection(SolutionConfigurationPlatforms) = preSolution
		Debug|Any CPU = Debug|Any CPU
		Release|Any CPU = Release|Any CPU
	EndGlobalSection
	GlobalSection(ProjectConfigurationPlatforms) = postSolution
		{670EB92B-5D59-4CEC-94B1-7A849CC55297}.Debug|Any CPU.ActiveCfg = Debug|Any CPU
		{670EB92B-5D59-4CEC-94B1-7A849CC55297}.Debug|Any CPU.Build.0 = Debug|Any CPU
		{670EB92B-5D59-4CEC-94B1-7A849CC55297}.Release|Any CPU.ActiveCfg = Release|Any CPU
		{670EB92B-5D59-4CEC-94B1-7A849CC55297}.Release|Any CPU.Build.0 = Release|Any CPU
	EndGlobalSection
	GlobalSection(SolutionProperties) = preSolution
		HideSolutionNode = FALSE
	EndGlobalSection
	GlobalSection(ExtensibilityGlobals) = postSolution
		SolutionGuid = {3352EACF-3760-4FB4-8D6C-F8CFC752BAE0}
	EndGlobalSection
EndGlobal
